// !$*UTF8*$!
{
	archiveVersion = 1;
	classes = {
	};
	objectVersion = 56;
	objects = {

/* Begin PBXBuildFile section */
		2FDA18B9CEC37F99DE2925E5 /* Pods_CarouselCreditCard.framework in Frameworks */ = {isa = PBXBuildFile; fileRef = DE3425B43B2B49DB3B3FA954 /* Pods_CarouselCreditCard.framework */; };
		D2A2490F2A01569D00585335 /* AppDelegate.swift in Sources */ = {isa = PBXBuildFile; fileRef = D2A2490E2A01569D00585335 /* AppDelegate.swift */; };
		D2A249112A01569D00585335 /* SceneDelegate.swift in Sources */ = {isa = PBXBuildFile; fileRef = D2A249102A01569D00585335 /* SceneDelegate.swift */; };
		D2A249132A01569D00585335 /* ViewController.swift in Sources */ = {isa = PBXBuildFile; fileRef = D2A249122A01569D00585335 /* ViewController.swift */; };
		D2A249182A01569F00585335 /* Assets.xcassets in Resources */ = {isa = PBXBuildFile; fileRef = D2A249172A01569F00585335 /* Assets.xcassets */; };
		D2A2491B2A01569F00585335 /* LaunchScreen.storyboard in Resources */ = {isa = PBXBuildFile; fileRef = D2A249192A01569F00585335 /* LaunchScreen.storyboard */; };
		D2A249272A0159B300585335 /* CarouselCardsView.swift in Sources */ = {isa = PBXBuildFile; fileRef = D2A249262A0159B300585335 /* CarouselCardsView.swift */; };
		D2A249292A015C2900585335 /* structs.swift in Sources */ = {isa = PBXBuildFile; fileRef = D2A249282A015C2900585335 /* structs.swift */; };
		D2A2492C2A01870600585335 /* FinanceCell.swift in Sources */ = {isa = PBXBuildFile; fileRef = D2A2492B2A01870600585335 /* FinanceCell.swift */; };
		D2A2492E2A01BE1500585335 /* FinanceHeaderView.swift in Sources */ = {isa = PBXBuildFile; fileRef = D2A2492D2A01BE1500585335 /* FinanceHeaderView.swift */; };
/* End PBXBuildFile section */

/* Begin PBXFileReference section */
		496A41F52B48CDBA2A6C36BD /* Pods-CarouselCreditCard.debug.xcconfig */ = {isa = PBXFileReference; includeInIndex = 1; lastKnownFileType = text.xcconfig; name = "Pods-CarouselCreditCard.debug.xcconfig"; path = "Target Support Files/Pods-CarouselCreditCard/Pods-CarouselCreditCard.debug.xcconfig"; sourceTree = "<group>"; };
		97AE68E0E5843157F4FD4089 /* Pods-CarouselCreditCard.release.xcconfig */ = {isa = PBXFileReference; includeInIndex = 1; lastKnownFileType = text.xcconfig; name = "Pods-CarouselCreditCard.release.xcconfig"; path = "Target Support Files/Pods-CarouselCreditCard/Pods-CarouselCreditCard.release.xcconfig"; sourceTree = "<group>"; };
		D2A2490B2A01569D00585335 /* CarouselCreditCard.app */ = {isa = PBXFileReference; explicitFileType = wrapper.application; includeInIndex = 0; path = CarouselCreditCard.app; sourceTree = BUILT_PRODUCTS_DIR; };
		D2A2490E2A01569D00585335 /* AppDelegate.swift */ = {isa = PBXFileReference; lastKnownFileType = sourcecode.swift; path = AppDelegate.swift; sourceTree = "<group>"; };
		D2A249102A01569D00585335 /* SceneDelegate.swift */ = {isa = PBXFileReference; lastKnownFileType = sourcecode.swift; path = SceneDelegate.swift; sourceTree = "<group>"; };
		D2A249122A01569D00585335 /* ViewController.swift */ = {isa = PBXFileReference; lastKnownFileType = sourcecode.swift; path = ViewController.swift; sourceTree = "<group>"; };
		D2A249172A01569F00585335 /* Assets.xcassets */ = {isa = PBXFileReference; lastKnownFileType = folder.assetcatalog; path = Assets.xcassets; sourceTree = "<group>"; };
		D2A2491A2A01569F00585335 /* Base */ = {isa = PBXFileReference; lastKnownFileType = file.storyboard; name = Base; path = Base.lproj/LaunchScreen.storyboard; sourceTree = "<group>"; };
		D2A2491C2A01569F00585335 /* Info.plist */ = {isa = PBXFileReference; lastKnownFileType = text.plist.xml; path = Info.plist; sourceTree = "<group>"; };
		D2A249262A0159B300585335 /* CarouselCardsView.swift */ = {isa = PBXFileReference; lastKnownFileType = sourcecode.swift; path = CarouselCardsView.swift; sourceTree = "<group>"; };
		D2A249282A015C2900585335 /* structs.swift */ = {isa = PBXFileReference; lastKnownFileType = sourcecode.swift; path = structs.swift; sourceTree = "<group>"; };
		D2A2492B2A01870600585335 /* FinanceCell.swift */ = {isa = PBXFileReference; lastKnownFileType = sourcecode.swift; path = FinanceCell.swift; sourceTree = "<group>"; };
		D2A2492D2A01BE1500585335 /* FinanceHeaderView.swift */ = {isa = PBXFileReference; lastKnownFileType = sourcecode.swift; path = FinanceHeaderView.swift; sourceTree = "<group>"; };
		DE3425B43B2B49DB3B3FA954 /* Pods_CarouselCreditCard.framework */ = {isa = PBXFileReference; explicitFileType = wrapper.framework; includeInIndex = 0; path = Pods_CarouselCreditCard.framework; sourceTree = BUILT_PRODUCTS_DIR; };
/* End PBXFileReference section */

/* Begin PBXFrameworksBuildPhase section */
		D2A249082A01569D00585335 /* Frameworks */ = {
			isa = PBXFrameworksBuildPhase;
			buildActionMask = 2147483647;
			files = (
				2FDA18B9CEC37F99DE2925E5 /* Pods_CarouselCreditCard.framework in Frameworks */,
			);
			runOnlyForDeploymentPostprocessing = 0;
		};
/* End PBXFrameworksBuildPhase section */

/* Begin PBXGroup section */
		07F1F15701FC177FB80C2581 /* Frameworks */ = {
			isa = PBXGroup;
			children = (
				DE3425B43B2B49DB3B3FA954 /* Pods_CarouselCreditCard.framework */,
			);
			name = Frameworks;
			sourceTree = "<group>";
		};
		472FBD3E0E1EA9F4FB6C9987 /* Pods */ = {
			isa = PBXGroup;
			children = (
				496A41F52B48CDBA2A6C36BD /* Pods-CarouselCreditCard.debug.xcconfig */,
				97AE68E0E5843157F4FD4089 /* Pods-CarouselCreditCard.release.xcconfig */,
			);
			path = Pods;
			sourceTree = "<group>";
		};
		D2A249022A01569D00585335 = {
			isa = PBXGroup;
			children = (
				D2A2490D2A01569D00585335 /* CarouselCreditCard */,
				D2A2490C2A01569D00585335 /* Products */,
				472FBD3E0E1EA9F4FB6C9987 /* Pods */,
				07F1F15701FC177FB80C2581 /* Frameworks */,
			);
			sourceTree = "<group>";
		};
		D2A2490C2A01569D00585335 /* Products */ = {
			isa = PBXGroup;
			children = (
				D2A2490B2A01569D00585335 /* CarouselCreditCard.app */,
			);
			name = Products;
			sourceTree = "<group>";
		};
		D2A2490D2A01569D00585335 /* CarouselCreditCard */ = {
			isa = PBXGroup;
			children = (
				D2A249222A01594500585335 /* Model */,
				D2A249232A01594D00585335 /* View */,
				D2A249242A01595300585335 /* ViewModel */,
				D2A2490E2A01569D00585335 /* AppDelegate.swift */,
				D2A249102A01569D00585335 /* SceneDelegate.swift */,
				D2A249172A01569F00585335 /* Assets.xcassets */,
				D2A249192A01569F00585335 /* LaunchScreen.storyboard */,
				D2A2491C2A01569F00585335 /* Info.plist */,
			);
			path = CarouselCreditCard;
			sourceTree = "<group>";
		};
		D2A249222A01594500585335 /* Model */ = {
			isa = PBXGroup;
			children = (
				D2A249282A015C2900585335 /* structs.swift */,
			);
			path = Model;
			sourceTree = "<group>";
		};
		D2A249232A01594D00585335 /* View */ = {
			isa = PBXGroup;
			children = (
				D2A2492F2A01BE2000585335 /* Header */,
				D2A2492A2A0186BA00585335 /* Cell */,
				D2A249122A01569D00585335 /* ViewController.swift */,
				D2A249262A0159B300585335 /* CarouselCardsView.swift */,
			);
			path = View;
			sourceTree = "<group>";
		};
		D2A249242A01595300585335 /* ViewModel */ = {
			isa = PBXGroup;
			children = (
			);
			path = ViewModel;
			sourceTree = "<group>";
		};
		D2A2492A2A0186BA00585335 /* Cell */ = {
			isa = PBXGroup;
			children = (
				D2A2492B2A01870600585335 /* FinanceCell.swift */,
			);
			path = Cell;
			sourceTree = "<group>";
		};
		D2A2492F2A01BE2000585335 /* Header */ = {
			isa = PBXGroup;
			children = (
				D2A2492D2A01BE1500585335 /* FinanceHeaderView.swift */,
			);
			path = Header;
			sourceTree = "<group>";
		};
/* End PBXGroup section */

/* Begin PBXNativeTarget section */
		D2A2490A2A01569D00585335 /* CarouselCreditCard */ = {
			isa = PBXNativeTarget;
			buildConfigurationList = D2A2491F2A01569F00585335 /* Build configuration list for PBXNativeTarget "CarouselCreditCard" */;
			buildPhases = (
				66F4AE15A4B5DEF0F858F1AF /* [CP] Check Pods Manifest.lock */,
				D2A249072A01569D00585335 /* Sources */,
				D2A249082A01569D00585335 /* Frameworks */,
				D2A249092A01569D00585335 /* Resources */,
				59080238D874EEB535D32544 /* [CP] Embed Pods Frameworks */,
			);
			buildRules = (
			);
			dependencies = (
			);
			name = CarouselCreditCard;
			productName = CarouselCreditCard;
			productReference = D2A2490B2A01569D00585335 /* CarouselCreditCard.app */;
			productType = "com.apple.product-type.application";
		};
/* End PBXNativeTarget section */

/* Begin PBXProject section */
		D2A249032A01569D00585335 /* Project object */ = {
			isa = PBXProject;
			attributes = {
				BuildIndependentTargetsInParallel = 1;
				LastSwiftUpdateCheck = 1430;
				LastUpgradeCheck = 1430;
				TargetAttributes = {
					D2A2490A2A01569D00585335 = {
						CreatedOnToolsVersion = 14.3;
					};
				};
			};
			buildConfigurationList = D2A249062A01569D00585335 /* Build configuration list for PBXProject "CarouselCreditCard" */;
			compatibilityVersion = "Xcode 14.0";
			developmentRegion = en;
			hasScannedForEncodings = 0;
			knownRegions = (
				en,
				Base,
			);
			mainGroup = D2A249022A01569D00585335;
			productRefGroup = D2A2490C2A01569D00585335 /* Products */;
			projectDirPath = "";
			projectRoot = "";
			targets = (
				D2A2490A2A01569D00585335 /* CarouselCreditCard */,
			);
		};
/* End PBXProject section */

/* Begin PBXResourcesBuildPhase section */
		D2A249092A01569D00585335 /* Resources */ = {
			isa = PBXResourcesBuildPhase;
			buildActionMask = 2147483647;
			files = (
				D2A2491B2A01569F00585335 /* LaunchScreen.storyboard in Resources */,
				D2A249182A01569F00585335 /* Assets.xcassets in Resources */,
			);
			runOnlyForDeploymentPostprocessing = 0;
		};
/* End PBXResourcesBuildPhase section */

/* Begin PBXShellScriptBuildPhase section */
		59080238D874EEB535D32544 /* [CP] Embed Pods Frameworks */ = {
			isa = PBXShellScriptBuildPhase;
			buildActionMask = 2147483647;
			files = (
			);
			inputFileListPaths = (
				"${PODS_ROOT}/Target Support Files/Pods-CarouselCreditCard/Pods-CarouselCreditCard-frameworks-${CONFIGURATION}-input-files.xcfilelist",
			);
			name = "[CP] Embed Pods Frameworks";
			outputFileListPaths = (
				"${PODS_ROOT}/Target Support Files/Pods-CarouselCreditCard/Pods-CarouselCreditCard-frameworks-${CONFIGURATION}-output-files.xcfilelist",
			);
			runOnlyForDeploymentPostprocessing = 0;
			shellPath = /bin/sh;
			shellScript = "\"${PODS_ROOT}/Target Support Files/Pods-CarouselCreditCard/Pods-CarouselCreditCard-frameworks.sh\"\n";
			showEnvVarsInLog = 0;
		};
		66F4AE15A4B5DEF0F858F1AF /* [CP] Check Pods Manifest.lock */ = {
			isa = PBXShellScriptBuildPhase;
			buildActionMask = 2147483647;
			files = (
			);
			inputFileListPaths = (
			);
			inputPaths = (
				"${PODS_PODFILE_DIR_PATH}/Podfile.lock",
				"${PODS_ROOT}/Manifest.lock",
			);
			name = "[CP] Check Pods Manifest.lock";
			outputFileListPaths = (
			);
			outputPaths = (
				"$(DERIVED_FILE_DIR)/Pods-CarouselCreditCard-checkManifestLockResult.txt",
			);
			runOnlyForDeploymentPostprocessing = 0;
			shellPath = /bin/sh;
			shellScript = "diff \"${PODS_PODFILE_DIR_PATH}/Podfile.lock\" \"${PODS_ROOT}/Manifest.lock\" > /dev/null\nif [ $? != 0 ] ; then\n    # print error to STDERR\n    echo \"error: The sandbox is not in sync with the Podfile.lock. Run 'pod install' or update your CocoaPods installation.\" >&2\n    exit 1\nfi\n# This output is used by Xcode 'outputs' to avoid re-running this script phase.\necho \"SUCCESS\" > \"${SCRIPT_OUTPUT_FILE_0}\"\n";
			showEnvVarsInLog = 0;
		};
/* End PBXShellScriptBuildPhase section */

/* Begin PBXSourcesBuildPhase section */
		D2A249072A01569D00585335 /* Sources */ = {
			isa = PBXSourcesBuildPhase;
			buildActionMask = 2147483647;
			files = (
				D2A2492E2A01BE1500585335 /* FinanceHeaderView.swift in Sources */,
				D2A249272A0159B300585335 /* CarouselCardsView.swift in Sources */,
				D2A249132A01569D00585335 /* ViewController.swift in Sources */,
				D2A2492C2A01870600585335 /* FinanceCell.swift in Sources */,
				D2A2490F2A01569D00585335 /* AppDelegate.swift in Sources */,
				D2A249292A015C2900585335 /* structs.swift in Sources */,
				D2A249112A01569D00585335 /* SceneDelegate.swift in Sources */,
			);
			runOnlyForDeploymentPostprocessing = 0;
		};
/* End PBXSourcesBuildPhase section */

/* Begin PBXVariantGroup section */
		D2A249192A01569F00585335 /* LaunchScreen.storyboard */ = {
			isa = PBXVariantGroup;
			children = (
				D2A2491A2A01569F00585335 /* Base */,
			);
			name = LaunchScreen.storyboard;
			sourceTree = "<group>";
		};
/* End PBXVariantGroup section */

/* Begin XCBuildConfiguration section */
		D2A2491D2A01569F00585335 /* Debug */ = {
			isa = XCBuildConfiguration;
			buildSettings = {
				ALWAYS_SEARCH_USER_PATHS = NO;
				CLANG_ANALYZER_NONNULL = YES;
				CLANG_ANALYZER_NUMBER_OBJECT_CONVERSION = YES_AGGRESSIVE;
				CLANG_CXX_LANGUAGE_STANDARD = "gnu++20";
				CLANG_ENABLE_MODULES = YES;
				CLANG_ENABLE_OBJC_ARC = YES;
				CLANG_ENABLE_OBJC_WEAK = YES;
				CLANG_WARN_BLOCK_CAPTURE_AUTORELEASING = YES;
				CLANG_WARN_BOOL_CONVERSION = YES;
				CLANG_WARN_COMMA = YES;
				CLANG_WARN_CONSTANT_CONVERSION = YES;
				CLANG_WARN_DEPRECATED_OBJC_IMPLEMENTATIONS = YES;
				CLANG_WARN_DIRECT_OBJC_ISA_USAGE = YES_ERROR;
				CLANG_WARN_DOCUMENTATION_COMMENTS = YES;
				CLANG_WARN_EMPTY_BODY = YES;
				CLANG_WARN_ENUM_CONVERSION = YES;
				CLANG_WARN_INFINITE_RECURSION = YES;
				CLANG_WARN_INT_CONVERSION = YES;
				CLANG_WARN_NON_LITERAL_NULL_CONVERSION = YES;
				CLANG_WARN_OBJC_IMPLICIT_RETAIN_SELF = YES;
				CLANG_WARN_OBJC_LITERAL_CONVERSION = YES;
				CLANG_WARN_OBJC_ROOT_CLASS = YES_ERROR;
				CLANG_WARN_QUOTED_INCLUDE_IN_FRAMEWORK_HEADER = YES;
				CLANG_WARN_RANGE_LOOP_ANALYSIS = YES;
				CLANG_WARN_STRICT_PROTOTYPES = YES;
				CLANG_WARN_SUSPICIOUS_MOVE = YES;
				CLANG_WARN_UNGUARDED_AVAILABILITY = YES_AGGRESSIVE;
				CLANG_WARN_UNREACHABLE_CODE = YES;
				CLANG_WARN__DUPLICATE_METHOD_MATCH = YES;
				COPY_PHASE_STRIP = NO;
				DEBUG_INFORMATION_FORMAT = dwarf;
				ENABLE_STRICT_OBJC_MSGSEND = YES;
				ENABLE_TESTABILITY = YES;
				GCC_C_LANGUAGE_STANDARD = gnu11;
				GCC_DYNAMIC_NO_PIC = NO;
				GCC_NO_COMMON_BLOCKS = YES;
				GCC_OPTIMIZATION_LEVEL = 0;
				GCC_PREPROCESSOR_DEFINITIONS = (
					"DEBUG=1",
					"$(inherited)",
				);
				GCC_WARN_64_TO_32_BIT_CONVERSION = YES;
				GCC_WARN_ABOUT_RETURN_TYPE = YES_ERROR;
				GCC_WARN_UNDECLARED_SELECTOR = YES;
				GCC_WARN_UNINITIALIZED_AUTOS = YES_AGGRESSIVE;
				GCC_WARN_UNUSED_FUNCTION = YES;
				GCC_WARN_UNUSED_VARIABLE = YES;
				IPHONEOS_DEPLOYMENT_TARGET = 16.4;
				MTL_ENABLE_DEBUG_INFO = INCLUDE_SOURCE;
				MTL_FAST_MATH = YES;
				ONLY_ACTIVE_ARCH = YES;
				SDKROOT = iphoneos;
				SWIFT_ACTIVE_COMPILATION_CONDITIONS = DEBUG;
				SWIFT_OPTIMIZATION_LEVEL = "-Onone";
			};
			name = Debug;
		};
		D2A2491E2A01569F00585335 /* Release */ = {
			isa = XCBuildConfiguration;
			buildSettings = {
				ALWAYS_SEARCH_USER_PATHS = NO;
				CLANG_ANALYZER_NONNULL = YES;
				CLANG_ANALYZER_NUMBER_OBJECT_CONVERSION = YES_AGGRESSIVE;
				CLANG_CXX_LANGUAGE_STANDARD = "gnu++20";
				CLANG_ENABLE_MODULES = YES;
				CLANG_ENABLE_OBJC_ARC = YES;
				CLANG_ENABLE_OBJC_WEAK = YES;
				CLANG_WARN_BLOCK_CAPTURE_AUTORELEASING = YES;
				CLANG_WARN_BOOL_CONVERSION = YES;
				CLANG_WARN_COMMA = YES;
				CLANG_WARN_CONSTANT_CONVERSION = YES;
				CLANG_WARN_DEPRECATED_OBJC_IMPLEMENTATIONS = YES;
				CLANG_WARN_DIRECT_OBJC_ISA_USAGE = YES_ERROR;
				CLANG_WARN_DOCUMENTATION_COMMENTS = YES;
				CLANG_WARN_EMPTY_BODY = YES;
				CLANG_WARN_ENUM_CONVERSION = YES;
				CLANG_WARN_INFINITE_RECURSION = YES;
				CLANG_WARN_INT_CONVERSION = YES;
				CLANG_WARN_NON_LITERAL_NULL_CONVERSION = YES;
				CLANG_WARN_OBJC_IMPLICIT_RETAIN_SELF = YES;
				CLANG_WARN_OBJC_LITERAL_CONVERSION = YES;
				CLANG_WARN_OBJC_ROOT_CLASS = YES_ERROR;
				CLANG_WARN_QUOTED_INCLUDE_IN_FRAMEWORK_HEADER = YES;
				CLANG_WARN_RANGE_LOOP_ANALYSIS = YES;
				CLANG_WARN_STRICT_PROTOTYPES = YES;
				CLANG_WARN_SUSPICIOUS_MOVE = YES;
				CLANG_WARN_UNGUARDED_AVAILABILITY = YES_AGGRESSIVE;
				CLANG_WARN_UNREACHABLE_CODE = YES;
				CLANG_WARN__DUPLICATE_METHOD_MATCH = YES;
				COPY_PHASE_STRIP = NO;
				DEBUG_INFORMATION_FORMAT = "dwarf-with-dsym";
				ENABLE_NS_ASSERTIONS = NO;
				ENABLE_STRICT_OBJC_MSGSEND = YES;
				GCC_C_LANGUAGE_STANDARD = gnu11;
				GCC_NO_COMMON_BLOCKS = YES;
				GCC_WARN_64_TO_32_BIT_CONVERSION = YES;
				GCC_WARN_ABOUT_RETURN_TYPE = YES_ERROR;
				GCC_WARN_UNDECLARED_SELECTOR = YES;
				GCC_WARN_UNINITIALIZED_AUTOS = YES_AGGRESSIVE;
				GCC_WARN_UNUSED_FUNCTION = YES;
				GCC_WARN_UNUSED_VARIABLE = YES;
				IPHONEOS_DEPLOYMENT_TARGET = 16.4;
				MTL_ENABLE_DEBUG_INFO = NO;
				MTL_FAST_MATH = YES;
				SDKROOT = iphoneos;
				SWIFT_COMPILATION_MODE = wholemodule;
				SWIFT_OPTIMIZATION_LEVEL = "-O";
				VALIDATE_PRODUCT = YES;
			};
			name = Release;
		};
		D2A249202A01569F00585335 /* Debug */ = {
			isa = XCBuildConfiguration;
			baseConfigurationReference = 496A41F52B48CDBA2A6C36BD /* Pods-CarouselCreditCard.debug.xcconfig */;
			buildSettings = {
				ASSETCATALOG_COMPILER_APPICON_NAME = AppIcon;
				ASSETCATALOG_COMPILER_GLOBAL_ACCENT_COLOR_NAME = AccentColor;
				CODE_SIGN_STYLE = Automatic;
				CURRENT_PROJECT_VERSION = 1;
				DEVELOPMENT_TEAM = 263SAWVFCC;
				GENERATE_INFOPLIST_FILE = YES;
				INFOPLIST_FILE = CarouselCreditCard/Info.plist;
				INFOPLIST_KEY_UIApplicationSupportsIndirectInputEvents = YES;
				INFOPLIST_KEY_UILaunchStoryboardName = LaunchScreen;
				INFOPLIST_KEY_UISupportedInterfaceOrientations_iPad = "UIInterfaceOrientationPortrait UIInterfaceOrientationPortraitUpsideDown UIInterfaceOrientationLandscapeLeft UIInterfaceOrientationLandscapeRight";
				INFOPLIST_KEY_UISupportedInterfaceOrientations_iPhone = "UIInterfaceOrientationPortrait UIInterfaceOrientationLandscapeLeft UIInterfaceOrientationLandscapeRight";
				LD_RUNPATH_SEARCH_PATHS = (
					"$(inherited)",
					"@executable_path/Frameworks",
				);
				MARKETING_VERSION = 1.0;
				PRODUCT_BUNDLE_IDENTIFIER = com.smp.CarouselCreditCard;
				PRODUCT_NAME = "$(TARGET_NAME)";
				SWIFT_EMIT_LOC_STRINGS = YES;
				SWIFT_VERSION = 5.0;
				TARGETED_DEVICE_FAMILY = "1,2";
			};
			name = Debug;
		};
		D2A249212A01569F00585335 /* Release */ = {
			isa = XCBuildConfiguration;
			baseConfigurationReference = 97AE68E0E5843157F4FD4089 /* Pods-CarouselCreditCard.release.xcconfig */;
			buildSettings = {
				ASSETCATALOG_COMPILER_APPICON_NAME = AppIcon;
				ASSETCATALOG_COMPILER_GLOBAL_ACCENT_COLOR_NAME = AccentColor;
				CODE_SIGN_STYLE = Automatic;
				CURRENT_PROJECT_VERSION = 1;
				DEVELOPMENT_TEAM = 263SAWVFCC;
				GENERATE_INFOPLIST_FILE = YES;
				INFOPLIST_FILE = CarouselCreditCard/Info.plist;
				INFOPLIST_KEY_UIApplicationSupportsIndirectInputEvents = YES;
				INFOPLIST_KEY_UILaunchStoryboardName = LaunchScreen;
				INFOPLIST_KEY_UISupportedInterfaceOrientations_iPad = "UIInterfaceOrientationPortrait UIInterfaceOrientationPortraitUpsideDown UIInterfaceOrientationLandscapeLeft UIInterfaceOrientationLandscapeRight";
				INFOPLIST_KEY_UISupportedInterfaceOrientations_iPhone = "UIInterfaceOrientationPortrait UIInterfaceOrientationLandscapeLeft UIInterfaceOrientationLandscapeRight";
				LD_RUNPATH_SEARCH_PATHS = (
					"$(inherited)",
					"@executable_path/Frameworks",
				);
				MARKETING_VERSION = 1.0;
				PRODUCT_BUNDLE_IDENTIFIER = com.smp.CarouselCreditCard;
				PRODUCT_NAME = "$(TARGET_NAME)";
				SWIFT_EMIT_LOC_STRINGS = YES;
				SWIFT_VERSION = 5.0;
				TARGETED_DEVICE_FAMILY = "1,2";
			};
			name = Release;
		};
/* End XCBuildConfiguration section */

/* Begin XCConfigurationList section */
		D2A249062A01569D00585335 /* Build configuration list for PBXProject "CarouselCreditCard" */ = {
			isa = XCConfigurationList;
			buildConfigurations = (
				D2A2491D2A01569F00585335 /* Debug */,
				D2A2491E2A01569F00585335 /* Release */,
			);
			defaultConfigurationIsVisible = 0;
			defaultConfigurationName = Release;
		};
		D2A2491F2A01569F00585335 /* Build configuration list for PBXNativeTarget "CarouselCreditCard" */ = {
			isa = XCConfigurationList;
			buildConfigurations = (
				D2A249202A01569F00585335 /* Debug */,
				D2A249212A01569F00585335 /* Release */,
			);
			defaultConfigurationIsVisible = 0;
			defaultConfigurationName = Release;
		};
/* End XCConfigurationList section */
	};
	rootObject = D2A249032A01569D00585335 /* Project object */;
}
